{
  "object": {
    "pins": [
      {
        "package": "swift-nio",
        "repositoryURL": "https://github.com/apple/swift-nio.git",
        "state": {
          "branch": null,
          "revision": "a27a07719ca785bcaca019a5b9fe1814b981b4a2",
          "version": "2.15.0"
        }
      }
    ]
  },
  "version": 1
}
