{
  "object": {
    "pins": [
      {
        "package": "codable-kit",
        "repositoryURL": "https://github.com/vapor/codable-kit.git",
        "state": {
          "branch": "master",
          "revision": "43eeae0a0b53c0b527363ce282a4255d4d90a68f",
          "version": null
        }
      },
      {
        "package": "swift-nio",
        "repositoryURL": "https://github.com/apple/swift-nio.git",
        "state": {
          "branch": null,
          "revision": "a27a07719ca785bcaca019a5b9fe1814b981b4a2",
          "version": "2.15.0"
        }
      }
    ]
  },
  "version": 1
}
