{
  "object": {
    "pins": [
      {
        "package": "codable-kit",
        "repositoryURL": "https://github.com/vapor/codable-kit.git",
        "state": {
          "branch": "master",
          "revision": "43eeae0a0b53c0b527363ce282a4255d4d90a68f",
          "version": null
        }
      },
      {
        "package": "postgres-nio",
        "repositoryURL": "https://github.com/vapor/postgres-nio.git",
        "state": {
          "branch": null,
          "revision": "a528171a580b56fc38fd505bdb7d5de73e68a69a",
          "version": "1.0.0-rc.2"
        }
      },
      {
        "package": "SwifQL",
        "repositoryURL": "https://github.com/MihaelIsaev/SwifQL.git",
        "state": {
          "branch": null,
          "revision": "0f284aa2670a260e3337e18384cd6a7f6efa4636",
          "version": "2.0.0-beta.2.0.0"
        }
      },
      {
        "package": "swift-crypto",
        "repositoryURL": "https://github.com/apple/swift-crypto.git",
        "state": {
          "branch": null,
          "revision": "d67ac68d09a95443303e9d6e37b34e7ba101d5f1",
          "version": "1.0.1"
        }
      },
      {
        "package": "swift-log",
        "repositoryURL": "https://github.com/apple/swift-log.git",
        "state": {
          "branch": null,
          "revision": "74d7b91ceebc85daf387ebb206003f78813f71aa",
          "version": "1.2.0"
        }
      },
      {
        "package": "swift-metrics",
        "repositoryURL": "https://github.com/apple/swift-metrics.git",
        "state": {
          "branch": null,
          "revision": "708b960b4605abb20bc55d65abf6bad607252200",
          "version": "2.0.0"
        }
      },
      {
        "package": "swift-nio",
        "repositoryURL": "https://github.com/apple/swift-nio.git",
        "state": {
          "branch": null,
          "revision": "a27a07719ca785bcaca019a5b9fe1814b981b4a2",
          "version": "2.15.0"
        }
      },
      {
        "package": "swift-nio-ssl",
        "repositoryURL": "https://github.com/apple/swift-nio-ssl.git",
        "state": {
          "branch": null,
          "revision": "ae213938e151964aa691f0e902462fbe06baeeb6",
          "version": "2.7.1"
        }
      }
    ]
  },
  "version": 1
}
